# This file was autogenerated by Stack.
# You should not edit this file by hand.
# For more information, please see the documentation at:
#   https://docs.haskellstack.org/en/stable/lock_files

packages:
- completed:
    hackage: sdl2-2.5.2.0@sha256:917ddb3c8421e8e6f9caaa4b143d485e797c9053de9fabee4ac87c873cffeb01,11303
    pantry-tree:
      size: 6571
      sha256: 751a3d9763f74d6b5e7c956bd8a25e20f7443bce69d0c7dda0421d89616e3b2a
  original:
    hackage: sdl2-2.5.2.0
- completed:
    hackage: Yampa-0.13.1@sha256:4612a2646c27bcd3ac55c90dbc34249303e28aa5b3bc3e0c6fa9ce58b889843c,5436
    pantry-tree:
      size: 4039
      sha256: 2ebdfafc0143a66132e1f790fc3909c93654ee89fbe468574c5c2a36070dc6b3
  original:
    hackage: Yampa-0.13.1
- completed:
    hackage: linear-1.20.9@sha256:6a3eb733cae5a233a026cf6310f6e72418c584a716b8cd66d4d715c1773fce8d,4231
    pantry-tree:
      size: 2209
      sha256: 280951be298634ebf08cb9ec252ad6c00bf658378ac677c04f83c35436841195
  original:
    hackage: linear-1.20.9
- completed:
    hackage: sdl2-ttf-2.1.1@sha256:a889d5afca0ae91a25f41d1e700b677de229a90cbc6397e26d82c563e6035bf2,1810
    pantry-tree:
      size: 447
      sha256: 3f6960f9a3e099b91dc85795a1db54b0ab88a0c199aded59650bd1ec644b2b9a
  original:
    hackage: sdl2-ttf-2.1.1
- completed:
    hackage: text-1.2.4.0@sha256:8c24450feb8e3bbb7ea3e17af24ef57e85db077c4bf53e5bcc345b283d1b1d5b,10081
    pantry-tree:
      size: 7457
      sha256: 3437b0a73ce2ae1a81aa8b3438d41a85981c00894cdbee0d6d6d6873046a5d5d
  original:
    hackage: text-1.2.4.0
- completed:
    hackage: simple-affine-space-0.1.1@sha256:c2afdf618a641cebe213820ed3df82da62aee325483ea848a267d1d39b41f868,1933
    pantry-tree:
      size: 696
      sha256: abe4dd081903103525a14dd28014657d1e77eace5458643e91ba92033f91e7e0
  original:
    hackage: simple-affine-space-0.1.1
- completed:
    hackage: htiled-0.1.4.0@sha256:df4810df8559bf9d74fb7cdfd894380837be25c8bee831027fd30bd2cabb9b81,990
    pantry-tree:
      size: 334
      sha256: eccdb4f03d186f6cd25770fc4bfefd4652c08b49ab9bde6803da694e8ed32bd1
  original:
    hackage: htiled-0.1.4.0
- completed:
    hackage: mtl-2.2.2@sha256:1050fb71acd9f5d67da7d992583f5bd0eb14407b9dc7acc122af1b738b706ca3,2261
    pantry-tree:
      size: 1713
      sha256: b8bdc2259e2f943a7252fb164805666fe108ac959d398e0af27b43ba2ebc241c
  original:
    hackage: mtl-2.2.2
- completed:
    hackage: containers-0.5.11.0@sha256:28ad7337057442f75bc689315ab4ec7bdf5e6b2c39668f306672cecd82c02798,16685
    pantry-tree:
      size: 4849
      sha256: faa4e75922a28f7cfe9920c1d7ab3866b792cefcd29bf79f54cfe3b6b5f57cbf
  original:
    hackage: containers-0.5.11.0@sha256:28ad7337057442f75bc689315ab4ec7bdf5e6b2c39668f306672cecd82c02798,16685
- completed:
    hackage: binary-0.8.8.0@sha256:e9387a7ef2b34c6a23b09664c306e37cc01ae2cb4e4511a1c96ffb14008c24b0,6262
    pantry-tree:
      size: 1976
      sha256: 271cd1e75af293fc25a489d860f094dc635a4ed8b56aa5b343c58f4637736ca3
  original:
    hackage: binary-0.8.8.0@sha256:e9387a7ef2b34c6a23b09664c306e37cc01ae2cb4e4511a1c96ffb14008c24b0,6262
- completed:
    hackage: parsec-3.1.14.0@sha256:63a4555d6ea2aaccd8588fc809e5d137e72b668898ab3b171ce8458b792f0f36,4356
    pantry-tree:
      size: 2574
      sha256: c17cc12ba9a912521d58d8bcee07830351fe27483d9309ebdac8e32175e10706
  original:
    hackage: parsec-3.1.14.0@sha256:63a4555d6ea2aaccd8588fc809e5d137e72b668898ab3b171ce8458b792f0f36,4356
- completed:
    hackage: Cabal-3.0.2.0@sha256:f45ee078a8529d1ad3993767345ac83304c7f2ff5eec02c455a1dc200ad22c67,26714
    pantry-tree:
      size: 40207
      sha256: 653461a4e58b10a6ef9d6ed5e07b1f8839ed46b4673133ecbe3899a48d6b983b
  original:
    hackage: Cabal-3.0.2.0@sha256:f45ee078a8529d1ad3993767345ac83304c7f2ff5eec02c455a1dc200ad22c67,26714
- completed:
    hackage: SG-1.0@sha256:de60281da470999c4e793e69ed04916178b18a2073b6b0adec4e86f577c77421,1393
    pantry-tree:
      size: 688
      sha256: dfbb6516df6dbbb905151d70f9acceb5170e06ab2c7bda6c5d98a59157acdbb8
  original:
    hackage: SG-1.0
snapshots:
- completed:
    size: 494638
    url: https://raw.githubusercontent.com/commercialhaskell/stackage-snapshots/master/lts/15/11.yaml
    sha256: 5747328cdcbb8fe9c96fc048b5566167c80dd176a41b52d3b363058e3cc1dc5d
  original: lts-15.11
